<?xml version="1.0" encoding="utf-8"?>
<Project ToolsVersion="4.0" xmlns="http://schemas.microsoft.com/developer/msbuild/2003">
  <ItemGroup>
    <Filter Include="Source Files">
      <UniqueIdentifier>{4FC737F1-C7A5-4376-A066-2A32D752A2FF}</UniqueIdentifier>
      <Extensions>cpp;c;cc;cxx;c++;cppm;ixx;def;odl;idl;hpj;bat;asm;asmx</Extensions>
    </Filter>
    <Filter Include="Header Files">
      <UniqueIdentifier>{93995380-89BD-4b04-88EB-625FBE52EBFB}</UniqueIdentifier>
      <Extensions>h;hh;hpp;hxx;h++;hm;inl;inc;ipp;xsd</Extensions>
    </Filter>
    <Filter Include="Resource Files">
      <UniqueIdentifier>{67DA6AB6-F800-4c08-8B7A-83BB121AAD01}</UniqueIdentifier>
      <Extensions>rc;ico;cur;bmp;dlg;rc2;rct;bin;rgs;gif;jpg;jpeg;jpe;resx;tiff;tif;png;wav;mfcribbon-ms</Extensions>
    </Filter>
    <Filter Include="Header Files\Meshes">
      <UniqueIdentifier>{bd18aae5-7815-411f-b3fd-05b317ccd3d7}</UniqueIdentifier>
    </Filter>
    <Filter Include="Header Files\Meshes\Characters">
      <UniqueIdentifier>{cd853203-815b-48ec-b303-14497480fab3}</UniqueIdentifier>
    </Filter>
    <Filter Include="Header Files\Meshes\Weapons">
      <UniqueIdentifier>{48190296-7f73-4452-bcb8-cbd16e42c4b9}</UniqueIdentifier>
    </Filter>
    <Filter Include="Source Files\Meshes">
      <UniqueIdentifier>{d2e7b644-5aba-4ade-bc0a-97451af38076}</UniqueIdentifier>
    </Filter>
    <Filter Include="Source Files\Meshes\Characters">
      <UniqueIdentifier>{8053e3c1-a9c5-4dcd-9ab2-02cfcb876247}</UniqueIdentifier>
    </Filter>
    <Filter Include="Source Files\Meshes\NPC">
      <UniqueIdentifier>{275f14e9-3cc6-482c-b9bd-97df1ae0a617}</UniqueIdentifier>
    </Filter>
    <Filter Include="Source Files\Meshes\Weapons">
      <UniqueIdentifier>{e4b3e7d8-49c6-4687-becf-3deba95c55fa}</UniqueIdentifier>
    </Filter>
    <Filter Include="Header Files\Entities">
      <UniqueIdentifier>{5e7c6e3c-8c16-4106-9ff1-215b30c29a97}</UniqueIdentifier>
    </Filter>
    <Filter Include="Source Files\Entities">
      <UniqueIdentifier>{a57f0e3d-4a4f-4255-8d04-df369890cdbb}</UniqueIdentifier>
    </Filter>
    <Filter Include="Source Files\Controllers">
      <UniqueIdentifier>{648a96a2-168a-4fbb-9336-3a19eeeea6fd}</UniqueIdentifier>
    </Filter>
    <Filter Include="Header Files\Controllers">
      <UniqueIdentifier>{8fbbe113-1f2e-4818-a1af-805fd68e8874}</UniqueIdentifier>
    </Filter>
    <Filter Include="Source Files\Entities\NPC">
      <UniqueIdentifier>{1512e45b-e219-450b-8a52-533177504f50}</UniqueIdentifier>
    </Filter>
    <Filter Include="Source Files\Entities\NPC\Skeletons">
      <UniqueIdentifier>{cfe64218-8738-4b12-83a5-4f70d858abf3}</UniqueIdentifier>
    </Filter>
    <Filter Include="Header Files\Meshes\NPC">
      <UniqueIdentifier>{20b8c28b-021d-4722-8f5b-388d9e6288ea}</UniqueIdentifier>
    </Filter>
    <Filter Include="Header Files\Entities\NPC">
      <UniqueIdentifier>{600ade7f-46b7-4671-b858-825d0b23b17d}</UniqueIdentifier>
    </Filter>
    <Filter Include="Header Files\Controllers\AI_NPC">
      <UniqueIdentifier>{19b2bcc4-deae-4bd1-abdf-8585aa053cb4}</UniqueIdentifier>
    </Filter>
    <Filter Include="Source Files\Controllers\AI_Controller">
      <UniqueIdentifier>{8a155879-51e0-4c8e-8a24-30908e421a87}</UniqueIdentifier>
    </Filter>
    <Filter Include="Source Files\Entities\Projectiles">
      <UniqueIdentifier>{f446457a-70ca-42a4-ba74-2261b5808d84}</UniqueIdentifier>
    </Filter>
    <Filter Include="Header Files\Entities\Projectiles">
      <UniqueIdentifier>{d2a2dbc9-565e-4c78-9718-0824443cf63b}</UniqueIdentifier>
    </Filter>
    <Filter Include="Header Files\Controllers\Projectile">
      <UniqueIdentifier>{e42835aa-d327-4b60-a9b6-a1a637ce0a42}</UniqueIdentifier>
    </Filter>
    <Filter Include="Header Files\Builders">
      <UniqueIdentifier>{00edaa35-070f-4aa9-87f5-e053fff4dd27}</UniqueIdentifier>
    </Filter>
    <Filter Include="Header Files\Config">
      <UniqueIdentifier>{95e58b61-598e-45c6-a73c-2357146c2507}</UniqueIdentifier>
    </Filter>
    <Filter Include="Header Files\Units">
      <UniqueIdentifier>{9f499bc2-75aa-43cd-a322-79a0e609ecb6}</UniqueIdentifier>
    </Filter>
    <Filter Include="Header Files\ProjectileObjects">
      <UniqueIdentifier>{824bb847-7203-4a92-be34-1c4faead1c8c}</UniqueIdentifier>
    </Filter>
    <Filter Include="Header Files\Meshes\Static">
      <UniqueIdentifier>{846e7df9-97ce-4f99-9e57-180addc34c92}</UniqueIdentifier>
    </Filter>
    <Filter Include="Source Files\Meshes\Static">
      <UniqueIdentifier>{fd35af75-62aa-4bb1-8672-13f2a59d5e99}</UniqueIdentifier>
    </Filter>
    <Filter Include="Source Files\ConfigCpp">
      <UniqueIdentifier>{e5827ffb-4b7f-494a-8b93-b8c01426415a}</UniqueIdentifier>
    </Filter>
    <Filter Include="Utiltity">
      <UniqueIdentifier>{c59de2a3-1c7f-4327-9bee-756c8087c128}</UniqueIdentifier>
    </Filter>
    <Filter Include="Source Files\TextureLoader">
      <UniqueIdentifier>{ea9ea4d9-b092-4092-841d-831f20629ef5}</UniqueIdentifier>
    </Filter>
    <Filter Include="Header Files\Entities\PlayerCharacters">
      <UniqueIdentifier>{c00401ca-c2cd-4585-b39a-53af6eec6abf}</UniqueIdentifier>
    </Filter>
    <Filter Include="Source Files\Controllers\PlayerController">
      <UniqueIdentifier>{9a0b193a-4c81-43ba-96ca-5c04d8975b72}</UniqueIdentifier>
    </Filter>
    <Filter Include="Source Files\Units">
      <UniqueIdentifier>{62eb72c6-fa68-4a3c-b07b-0d04527561f2}</UniqueIdentifier>
    </Filter>
    <Filter Include="Source Files\Units\Player">
      <UniqueIdentifier>{c43e4a24-084b-45e7-9b74-b96d9098ec59}</UniqueIdentifier>
    </Filter>
    <Filter Include="Source Files\Units\NPC">
      <UniqueIdentifier>{20a5d245-d8fb-4397-8bef-d6f854ac6103}</UniqueIdentifier>
    </Filter>
  </ItemGroup>
  <ItemGroup>
    <ClCompile Include="LadyArcherMesh.cpp">
      <Filter>Source Files\Meshes\Characters</Filter>
    </ClCompile>
    <ClCompile Include="Animation.cpp">
      <Filter>Source Files\Meshes</Filter>
    </ClCompile>
    <ClCompile Include="BaseMesh.cpp">
      <Filter>Source Files\Meshes</Filter>
    </ClCompile>
    <ClCompile Include="CharacterMesh.cpp">
      <Filter>Source Files\Meshes</Filter>
    </ClCompile>
    <ClCompile Include="NPCMesh.cpp">
      <Filter>Source Files\Meshes</Filter>
    </ClCompile>
    <ClCompile Include="PlayerCharacterMesh.cpp">
      <Filter>Source Files\Meshes</Filter>
    </ClCompile>
    <ClCompile Include="Main.cpp">
      <Filter>Source Files</Filter>
    </ClCompile>
    <ClCompile Include="Meshes\Weapons\ArrowMesh.cpp">
      <Filter>Source Files\Meshes\Weapons</Filter>
    </ClCompile>
    <ClCompile Include="PlayerCharacter.cpp">
      <Filter>Source Files\Entities</Filter>
    </ClCompile>
    <ClCompile Include="Character.cpp">
      <Filter>Source Files\Entities</Filter>
    </ClCompile>
    <ClCompile Include="NPCEntity.cpp">
      <Filter>Source Files\Entities</Filter>
    </ClCompile>
    <ClCompile Include="Skeleton.cpp">
      <Filter>Source Files\Entities\NPC\Skeletons</Filter>
    </ClCompile>
    <ClCompile Include="SkeletonMesh.cpp">
      <Filter>Source Files\Meshes\NPC</Filter>
    </ClCompile>
    <ClCompile Include="SkeletonController.cpp">
      <Filter>Source Files\Controllers\AI_Controller</Filter>
    </ClCompile>
    <ClCompile Include="NPC_Controller.cpp">
      <Filter>Source Files\Controllers\AI_Controller</Filter>
    </ClCompile>
    <ClCompile Include="Projectile.cpp">
      <Filter>Source Files\Entities\Projectiles</Filter>
    </ClCompile>
    <ClCompile Include="Meshes\Weapons\ProjectileMesh.cpp">
      <Filter>Source Files\Meshes\Weapons</Filter>
    </ClCompile>
    <ClCompile Include="StaticMesh.cpp">
      <Filter>Source Files\Meshes\Static</Filter>
    </ClCompile>
    <ClCompile Include="ForbiddenZonesConfig.cpp">
      <Filter>Source Files\ConfigCpp</Filter>
    </ClCompile>
    <ClCompile Include="SmallHouse.cpp">
      <Filter>Source Files\Meshes\Static</Filter>
    </ClCompile>
    <ClCompile Include="JSONTextureLoader.cpp">
      <Filter>Source Files\TextureLoader</Filter>
    </ClCompile>
    <ClCompile Include="LadyArcherController.cpp">
      <Filter>Source Files\Controllers\PlayerController</Filter>
    </ClCompile>
    <ClCompile Include="PlayerCharacterController.cpp">
      <Filter>Source Files\Controllers\PlayerController</Filter>
    </ClCompile>
    <ClCompile Include="LadyArcherUnit.cpp">
      <Filter>Source Files\Units\NPC</Filter>
    </ClCompile>
  </ItemGroup>
  <ItemGroup>
    <ClInclude Include="LadyArcherMesh.h">
      <Filter>Header Files\Meshes\Characters</Filter>
    </ClInclude>
    <ClInclude Include="Animation.h">
      <Filter>Header Files\Meshes</Filter>
    </ClInclude>
    <ClInclude Include="BaseMesh.h">
      <Filter>Header Files\Meshes</Filter>
    </ClInclude>
    <ClInclude Include="CharacterMesh.h">
      <Filter>Header Files\Meshes</Filter>
    </ClInclude>
    <ClInclude Include="NPCMesh.h">
      <Filter>Header Files\Meshes</Filter>
    </ClInclude>
    <ClInclude Include="PlayerCharacterMesh.h">
      <Filter>Header Files\Meshes</Filter>
    </ClInclude>
    <ClInclude Include="PlayerCaracter.h">
      <Filter>Header Files\Entities</Filter>
    </ClInclude>
    <ClInclude Include="PlayerCharacterController.h">
      <Filter>Header Files\Controllers</Filter>
    </ClInclude>
    <ClInclude Include="LadyArcherController.h">
      <Filter>Header Files\Controllers</Filter>
    </ClInclude>
    <ClInclude Include="Meshes\Weapons\ArrowMesh.h">
      <Filter>Header Files\Meshes\Weapons</Filter>
    </ClInclude>
    <ClInclude Include="Character.h">
      <Filter>Header Files\Entities</Filter>
    </ClInclude>
    <ClInclude Include="NPCEntity.h">
      <Filter>Header Files\Entities</Filter>
    </ClInclude>
    <ClInclude Include="Skeleton.h">
      <Filter>Header Files\Entities\NPC</Filter>
    </ClInclude>
    <ClInclude Include="SkeletonMesh.h">
      <Filter>Header Files\Meshes\NPC</Filter>
    </ClInclude>
    <ClInclude Include="NPC_Controller.h">
      <Filter>Header Files\Controllers</Filter>
    </ClInclude>
    <ClInclude Include="SkeletonController.h">
      <Filter>Header Files\Controllers\AI_NPC</Filter>
    </ClInclude>
    <ClInclude Include="Projectile.h">
      <Filter>Header Files\Entities\Projectiles</Filter>
    </ClInclude>
    <ClInclude Include="Meshes\Weapons\ProjectileMesh.h">
      <Filter>Header Files\Meshes\Weapons</Filter>
    </ClInclude>
    <ClInclude Include="Arrow.h">
      <Filter>Header Files\Entities\Projectiles</Filter>
    </ClInclude>
    <ClInclude Include="PathsConfig.h">
      <Filter>Header Files\Config</Filter>
    </ClInclude>
    <ClInclude Include="LadyArcherUnit.h">
      <Filter>Header Files\Units</Filter>
    </ClInclude>
    <ClInclude Include="BaseUnit.h">
      <Filter>Header Files\Units</Filter>
    </ClInclude>
    <ClInclude Include="UnitBuilder.h">
      <Filter>Header Files\Builders</Filter>
    </ClInclude>
    <ClInclude Include="SkeletonUnit.h">
      <Filter>Header Files\Units</Filter>
    </ClInclude>
    <ClInclude Include="IController.h">
      <Filter>Header Files\Controllers</Filter>
    </ClInclude>
    <ClInclude Include="ProjectileObject.h">
      <Filter>Header Files\ProjectileObjects</Filter>
    </ClInclude>
    <ClInclude Include="IBaseUnit.h">
      <Filter>Header Files\Units</Filter>
    </ClInclude>
    <ClInclude Include="ProjectileManager.h">
      <Filter>Header Files\Controllers\Projectile</Filter>
    </ClInclude>
    <ClInclude Include="ICharacter.h">
      <Filter>Header Files\Entities</Filter>
    </ClInclude>
    <ClInclude Include="StaticMesh.h">
      <Filter>Header Files\Meshes\Static</Filter>
    </ClInclude>
    <ClInclude Include="SmallHouse.h">
      <Filter>Header Files\Meshes\Static</Filter>
    </ClInclude>
    <ClInclude Include="ForbiddenZonesConfig.h">
      <Filter>Header Files\Config</Filter>
    </ClInclude>
    <ClInclude Include="Tree.h">
      <Filter>Header Files\Meshes\Static</Filter>
    </ClInclude>
    <ClInclude Include="JsonTextureLoader.h">
      <Filter>Utiltity</Filter>
    </ClInclude>
    <ClInclude Include="LadyArcher.h">
      <Filter>Header Files\Entities\PlayerCharacters</Filter>
    </ClInclude>
  </ItemGroup>
</Project>